# This file was autogenerated by Stack.
# You should not edit this file by hand.
# For more information, please see the documentation at:
#   https://docs.haskellstack.org/en/stable/lock_files

packages:
- completed:
    hackage: ki-effectful-0.1.1.0@sha256:15a4bc01c4195d9e3ed3d0ae25e419b0c035c897494dadefc2d676a43f1f5082,1815
    pantry-tree:
      sha256: a0897588dabdae952547ee5e7758a0b58602a1f765a395fe628a6aebe94bdbf4
      size: 328
  original:
    hackage: ki-effectful-0.1.1.0@sha256:15a4bc01c4195d9e3ed3d0ae25e419b0c035c897494dadefc2d676a43f1f5082,1815
- completed:
    hackage: log-effectful-1.0.0.0@sha256:126f328c9325c10998289378191dc69e55b5ffdc37a7845f2d0ee57f6f13392e,2433
    pantry-tree:
      sha256: e22a70263da683f2a289c9e514fd4ef32dcc3cc9b54d1c6fe04299736cc88493
      size: 325
  original:
    hackage: log-effectful-1.0.0.0@sha256:126f328c9325c10998289378191dc69e55b5ffdc37a7845f2d0ee57f6f13392e,2433
snapshots:
- completed:
    sha256: 8b211c5a6aad3787e023dfddaf7de7868968e4f240ecedf14ad1c5b2199046ca
    size: 714097
    url: https://raw.githubusercontent.com/commercialhaskell/stackage-snapshots/master/lts/22/4.yaml
  original: lts-22.4
